{
  "nodes": {
    "disko": {
      "inputs": {
        "nixpkgs": [
          "nixpkgs"
        ]
      },
      "locked": {
        "lastModified": 1728922573,
        "narHash": "sha256-FegyBabjV4868aJUbvFtqH0zKDEtUpeCAfnB1vWXeBg=",
        "owner": "nix-community",
        "repo": "disko",
        "rev": "3b778f10eb275573da9f5c8a7a49e774200b87e5",
        "type": "github"
      },
      "original": {
        "owner": "nix-community",
        "repo": "disko",
        "type": "github"
      }
    },
    "flake-compat": {
      "flake": false,
      "locked": {
        "lastModified": 1717312683,
        "narHash": "sha256-FrlieJH50AuvagamEvWMIE6D2OAnERuDboFDYAED/dE=",
        "owner": "nix-community",
        "repo": "flake-compat",
        "rev": "38fd3954cf65ce6faf3d0d45cd26059e059f07ea",
        "type": "github"
      },
      "original": {
        "owner": "nix-community",
        "repo": "flake-compat",
        "type": "github"
      }
    },
    "flake-parts": {
      "inputs": {
        "nixpkgs-lib": [
          "nixpkgs"
        ]
      },
      "locked": {
        "lastModified": 1727826117,
        "narHash": "sha256-K5ZLCyfO/Zj9mPFldf3iwS6oZStJcU4tSpiXTMYaaL0=",
        "owner": "hercules-ci",
        "repo": "flake-parts",
        "rev": "3d04084d54bedc3d6b8b736c70ef449225c361b1",
        "type": "github"
      },
      "original": {
        "owner": "hercules-ci",
        "repo": "flake-parts",
        "type": "github"
      }
    },
    "flake-parts_2": {
      "inputs": {
        "nixpkgs-lib": [
          "nix-direnv",
          "nixpkgs"
        ]
      },
      "locked": {
        "lastModified": 1725234343,
        "narHash": "sha256-+ebgonl3NbiKD2UD0x4BszCZQ6sTfL4xioaM49o5B3Y=",
        "owner": "hercules-ci",
        "repo": "flake-parts",
        "rev": "567b938d64d4b4112ee253b9274472dc3a346eb6",
        "type": "github"
      },
      "original": {
        "owner": "hercules-ci",
        "repo": "flake-parts",
        "type": "github"
      }
    },
    "home-manager": {
      "inputs": {
        "nixpkgs": [
          "nixpkgs"
        ]
      },
      "locked": {
        "lastModified": 1728791962,
        "narHash": "sha256-nr5QiXwQcZmf6/auC1UpX8iAtINMtdi2mH+OkqJQVmU=",
        "owner": "nix-community",
        "repo": "home-manager",
        "rev": "64c6325b28ebd708653dd41d88f306023f296184",
        "type": "github"
      },
      "original": {
        "owner": "nix-community",
        "ref": "master",
        "repo": "home-manager",
        "type": "github"
      }
    },
    "nix-direnv": {
      "inputs": {
        "flake-parts": "flake-parts_2",
        "nixpkgs": [
          "nixpkgs"
        ],
        "treefmt-nix": "treefmt-nix"
      },
      "locked": {
        "lastModified": 1728378234,
        "narHash": "sha256-98wCzdmEWz7GcZ0iLNTGx7B8eEbgYflDN3OADslQrSg=",
        "owner": "nix-community",
        "repo": "nix-direnv",
        "rev": "0d71ed4c4e98918e79bec02be48a66756a393884",
        "type": "github"
      },
      "original": {
        "owner": "nix-community",
        "repo": "nix-direnv",
        "type": "github"
      }
    },
    "nixos-cosmic": {
      "inputs": {
        "flake-compat": "flake-compat",
        "nixpkgs": "nixpkgs",
        "nixpkgs-stable": "nixpkgs-stable",
        "rust-overlay": "rust-overlay"
      },
      "locked": {
        "lastModified": 1731381599,
        "narHash": "sha256-W+FuVxCdCiw7IaAWPajq9iOuM57zITFnbkw2ZQXfW9I=",
        "owner": "lilyinstarlight",
        "repo": "nixos-cosmic",
        "rev": "23976d5dac8b0f07187bc3c95e3812304519e5e3",
        "type": "github"
      },
      "original": {
        "owner": "lilyinstarlight",
        "repo": "nixos-cosmic",
        "type": "github"
      }
    },
    "nixpkgs": {
      "locked": {
        "lastModified": 1731319897,
        "narHash": "sha256-PbABj4tnbWFMfBp6OcUK5iGy1QY+/Z96ZcLpooIbuEI=",
        "owner": "NixOS",
        "repo": "nixpkgs",
        "rev": "dc460ec76cbff0e66e269457d7b728432263166c",
        "type": "github"
      },
      "original": {
        "owner": "NixOS",
        "ref": "nixos-unstable",
        "repo": "nixpkgs",
        "type": "github"
      }
    },
    "nixpkgs-stable": {
      "locked": {
        "lastModified": 1731239293,
        "narHash": "sha256-q2yjIWFFcTzp5REWQUOU9L6kHdCDmFDpqeix86SOvDc=",
        "owner": "NixOS",
        "repo": "nixpkgs",
        "rev": "9256f7c71a195ebe7a218043d9f93390d49e6884",
        "type": "github"
      },
      "original": {
        "owner": "NixOS",
        "ref": "nixos-24.05",
        "repo": "nixpkgs",
        "type": "github"
      }
    },
    "nixpkgs-stable_2": {
      "locked": {
        "lastModified": 1729973466,
        "narHash": "sha256-knnVBGfTCZlQgxY1SgH0vn2OyehH9ykfF8geZgS95bk=",
        "owner": "NixOS",
        "repo": "nixpkgs",
        "rev": "cd3e8833d70618c4eea8df06f95b364b016d4950",
        "type": "github"
      },
      "original": {
        "owner": "NixOS",
        "ref": "release-24.05",
        "repo": "nixpkgs",
        "type": "github"
      }
    },
    "nixpkgs-unstable": {
      "locked": {
        "lastModified": 1731139594,
        "narHash": "sha256-IigrKK3vYRpUu+HEjPL/phrfh7Ox881er1UEsZvw9Q4=",
        "owner": "nixos",
        "repo": "nixpkgs",
        "rev": "76612b17c0ce71689921ca12d9ffdc9c23ce40b2",
        "type": "github"
      },
      "original": {
        "owner": "nixos",
        "ref": "nixos-unstable",
        "repo": "nixpkgs",
        "type": "github"
      }
    },
    "nixpkgs_2": {
      "locked": {
        "lastModified": 1718428119,
        "narHash": "sha256-WdWDpNaq6u1IPtxtYHHWpl5BmabtpmLnMAx0RdJ/vo8=",
        "owner": "NixOS",
        "repo": "nixpkgs",
        "rev": "e6cea36f83499eb4e9cd184c8a8e823296b50ad5",
        "type": "github"
      },
      "original": {
        "owner": "NixOS",
        "ref": "nixpkgs-unstable",
        "repo": "nixpkgs",
        "type": "github"
      }
    },
    "nixpkgs_3": {
      "locked": {
        "lastModified": 1731139594,
        "narHash": "sha256-IigrKK3vYRpUu+HEjPL/phrfh7Ox881er1UEsZvw9Q4=",
        "owner": "nixos",
        "repo": "nixpkgs",
        "rev": "76612b17c0ce71689921ca12d9ffdc9c23ce40b2",
        "type": "github"
      },
      "original": {
        "owner": "nixos",
        "ref": "nixos-unstable",
        "repo": "nixpkgs",
        "type": "github"
      }
    },
    "root": {
      "inputs": {
        "disko": "disko",
        "flake-parts": "flake-parts",
        "home-manager": "home-manager",
        "nix-direnv": "nix-direnv",
        "nixos-cosmic": "nixos-cosmic",
        "nixpkgs": [
          "nixos-cosmic",
          "nixpkgs"
        ],
        "nixpkgs-unstable": "nixpkgs-unstable",
        "rust-overlay": "rust-overlay_2",
        "sops-nix": "sops-nix",
        "zen-browser": "zen-browser"
      }
    },
    "rust-overlay": {
      "inputs": {
        "nixpkgs": [
          "nixos-cosmic",
          "nixpkgs"
        ]
      },
      "locked": {
        "lastModified": 1731292155,
        "narHash": "sha256-fYVoUUtSadbOrH0z0epVQDsStBDS/S/fAK//0ECQAAI=",
        "owner": "oxalica",
        "repo": "rust-overlay",
        "rev": "7c4cd99ed7604b79e8cb721099ac99c66f656b3a",
        "type": "github"
      },
      "original": {
        "owner": "oxalica",
        "repo": "rust-overlay",
        "type": "github"
      }
    },
    "rust-overlay_2": {
      "inputs": {
        "nixpkgs": "nixpkgs_2"
      },
      "locked": {
        "lastModified": 1728786660,
        "narHash": "sha256-qY+1e0o6oV5ySlErhj/dsWsPLWjrMKzq4QI7a1t9/Ps=",
        "owner": "oxalica",
        "repo": "rust-overlay",
        "rev": "174a8d9cec9e2c23877a7b887c52b68ef0421d8b",
        "type": "github"
      },
      "original": {
        "owner": "oxalica",
        "repo": "rust-overlay",
        "type": "github"
      }
    },
    "sops-nix": {
      "inputs": {
        "nixpkgs": [
          "nixpkgs"
        ],
        "nixpkgs-stable": "nixpkgs-stable_2"
      },
      "locked": {
        "lastModified": 1729999681,
        "narHash": "sha256-qm0uCtM9bg97LeJTKQ8dqV/FvqRN+ompyW4GIJruLuw=",
        "owner": "Mic92",
        "repo": "sops-nix",
        "rev": "1666d16426abe79af5c47b7c0efa82fd31bf4c56",
        "type": "github"
      },
      "original": {
        "owner": "Mic92",
        "repo": "sops-nix",
        "type": "github"
      }
    },
    "treefmt-nix": {
      "inputs": {
        "nixpkgs": [
          "nix-direnv",
          "nixpkgs"
        ]
      },
      "locked": {
        "lastModified": 1724833132,
        "narHash": "sha256-F4djBvyNRAXGusJiNYInqR6zIMI3rvlp6WiKwsRISos=",
        "owner": "numtide",
        "repo": "treefmt-nix",
        "rev": "3ffd842a5f50f435d3e603312eefa4790db46af5",
        "type": "github"
      },
      "original": {
        "owner": "numtide",
        "repo": "treefmt-nix",
        "type": "github"
      }
    },
    "zen-browser": {
      "inputs": {
        "nixpkgs": "nixpkgs_3"
      },
      "locked": {
        "lastModified": 1731411879,
        "narHash": "sha256-bSvczDRlTAZtjJeGTfglDjopCuvogwGkZlI/pxDiWkU=",
        "owner": "0xc000022070",
        "repo": "zen-browser-flake",
        "rev": "b4c2f1c5e125f6300205f917e173aeabcb095bdd",
        "type": "github"
      },
      "original": {
        "owner": "0xc000022070",
        "repo": "zen-browser-flake",
        "type": "github"
      }
    }
  },
  "root": "root",
  "version": 7
}
